
Microsoft Visual Studio Solution File, Format Version 12.00
# Visual Studio 2013
VisualStudioVersion = 12.0.31101.0
MinimumVisualStudioVersion = 10.0.40219.1
Project("{FAE04EC0-301F-11D3-BF4B-00C04F79EFBC}") = "HelloWorld", "HelloWorld\HelloWorld.csproj", "{0843AE04-4AA1-4CA7-8842-130D2E8AA70D}"
EndProject
Project("{FAE04EC0-301F-11D3-BF4B-00C04F79EFBC}") = "Messages", "Messages\Messages.csproj", "{5F167065-E96E-4BD2-8677-6D2727A9B476}"
EndProject
Project("{FAE04EC0-301F-11D3-BF4B-00C04F79EFBC}") = "HelloWorldServer", "HelloWorldServer\HelloWorldServer.csproj", "{C2F0C362-6C31-4F78-8DA6-A2A4CA759BFE}"
EndProject
Project("{FAE04EC0-301F-11D3-BF4B-00C04F79EFBC}") = "Conventions", "Conventions\Conventions.csproj", "{69055E50-FF2D-40CD-8668-D8313362B913}"
EndProject
Project("{FAE04EC0-301F-11D3-BF4B-00C04F79EFBC}") = "SecurityServiceAdapter", "SecurityServiceAdapter\SecurityServiceAdapter.csproj", "{FA9A3D14-5DF0-445B-96D3-C255B26DBD6B}"
EndProject
Project("{FAE04EC0-301F-11D3-BF4B-00C04F79EFBC}") = "HelloWorldServer.Tests", "HelloWorldServer.Tests\HelloWorldServer.Tests.csproj", "{6198CF3B-5642-4A85-A899-3F6863009C43}"
EndProject
Project("{FAE04EC0-301F-11D3-BF4B-00C04F79EFBC}") = "WebApplication1", "WebApplication1\WebApplication1.csproj", "{C067C198-2B98-40C2-924B-065DC9FB819B}"
EndProject
Global
	GlobalSection(SolutionConfigurationPlatforms) = preSolution
		Debug|Any CPU = Debug|Any CPU
		Release|Any CPU = Release|Any CPU
	EndGlobalSection
	GlobalSection(ProjectConfigurationPlatforms) = postSolution
		{0843AE04-4AA1-4CA7-8842-130D2E8AA70D}.Debug|Any CPU.ActiveCfg = Debug|Any CPU
		{0843AE04-4AA1-4CA7-8842-130D2E8AA70D}.Debug|Any CPU.Build.0 = Debug|Any CPU
		{0843AE04-4AA1-4CA7-8842-130D2E8AA70D}.Release|Any CPU.ActiveCfg = Release|Any CPU
		{0843AE04-4AA1-4CA7-8842-130D2E8AA70D}.Release|Any CPU.Build.0 = Release|Any CPU
		{5F167065-E96E-4BD2-8677-6D2727A9B476}.Debug|Any CPU.ActiveCfg = Debug|Any CPU
		{5F167065-E96E-4BD2-8677-6D2727A9B476}.Debug|Any CPU.Build.0 = Debug|Any CPU
		{5F167065-E96E-4BD2-8677-6D2727A9B476}.Release|Any CPU.ActiveCfg = Release|Any CPU
		{5F167065-E96E-4BD2-8677-6D2727A9B476}.Release|Any CPU.Build.0 = Release|Any CPU
		{C2F0C362-6C31-4F78-8DA6-A2A4CA759BFE}.Debug|Any CPU.ActiveCfg = Debug|Any CPU
		{C2F0C362-6C31-4F78-8DA6-A2A4CA759BFE}.Debug|Any CPU.Build.0 = Debug|Any CPU
		{C2F0C362-6C31-4F78-8DA6-A2A4CA759BFE}.Release|Any CPU.ActiveCfg = Release|Any CPU
		{C2F0C362-6C31-4F78-8DA6-A2A4CA759BFE}.Release|Any CPU.Build.0 = Release|Any CPU
		{69055E50-FF2D-40CD-8668-D8313362B913}.Debug|Any CPU.ActiveCfg = Debug|Any CPU
		{69055E50-FF2D-40CD-8668-D8313362B913}.Debug|Any CPU.Build.0 = Debug|Any CPU
		{69055E50-FF2D-40CD-8668-D8313362B913}.Release|Any CPU.ActiveCfg = Release|Any CPU
		{69055E50-FF2D-40CD-8668-D8313362B913}.Release|Any CPU.Build.0 = Release|Any CPU
		{FA9A3D14-5DF0-445B-96D3-C255B26DBD6B}.Debug|Any CPU.ActiveCfg = Debug|Any CPU
		{FA9A3D14-5DF0-445B-96D3-C255B26DBD6B}.Debug|Any CPU.Build.0 = Debug|Any CPU
		{FA9A3D14-5DF0-445B-96D3-C255B26DBD6B}.Release|Any CPU.ActiveCfg = Release|Any CPU
		{FA9A3D14-5DF0-445B-96D3-C255B26DBD6B}.Release|Any CPU.Build.0 = Release|Any CPU
		{6198CF3B-5642-4A85-A899-3F6863009C43}.Debug|Any CPU.ActiveCfg = Debug|Any CPU
		{6198CF3B-5642-4A85-A899-3F6863009C43}.Debug|Any CPU.Build.0 = Debug|Any CPU
		{6198CF3B-5642-4A85-A899-3F6863009C43}.Release|Any CPU.ActiveCfg = Release|Any CPU
		{6198CF3B-5642-4A85-A899-3F6863009C43}.Release|Any CPU.Build.0 = Release|Any CPU
		{C067C198-2B98-40C2-924B-065DC9FB819B}.Debug|Any CPU.ActiveCfg = Debug|Any CPU
		{C067C198-2B98-40C2-924B-065DC9FB819B}.Debug|Any CPU.Build.0 = Debug|Any CPU
		{C067C198-2B98-40C2-924B-065DC9FB819B}.Release|Any CPU.ActiveCfg = Release|Any CPU
		{C067C198-2B98-40C2-924B-065DC9FB819B}.Release|Any CPU.Build.0 = Release|Any CPU
	EndGlobalSection
	GlobalSection(SolutionProperties) = preSolution
		HideSolutionNode = FALSE
	EndGlobalSection
EndGlobal
